
Microsoft Visual Studio Solution File, Format Version 12.00
# Visual Studio Version 16
VisualStudioVersion = 16.0.32929.386
MinimumVisualStudioVersion = 10.0.40219.1
Project("{FAE04EC0-301F-11D3-BF4B-00C04F79EFBC}") = "DemoWebAPI", "DemoWebAPI.csproj", "{B28591B8-FDBA-47E3-B7FF-06EAA9842E59}"
EndProject
Global
	GlobalSection(SolutionConfigurationPlatforms) = preSolution
		Debug|Any CPU = Debug|Any CPU
		Release|Any CPU = Release|Any CPU
	EndGlobalSection
	GlobalSection(ProjectConfigurationPlatforms) = postSolution
		{B28591B8-FDBA-47E3-B7FF-06EAA9842E59}.Debug|Any CPU.ActiveCfg = Debug|Any CPU
		{B28591B8-FDBA-47E3-B7FF-06EAA9842E59}.Debug|Any CPU.Build.0 = Debug|Any CPU
		{B28591B8-FDBA-47E3-B7FF-06EAA9842E59}.Release|Any CPU.ActiveCfg = Release|Any CPU
		{B28591B8-FDBA-47E3-B7FF-06EAA9842E59}.Release|Any CPU.Build.0 = Release|Any CPU
	EndGlobalSection
	GlobalSection(SolutionProperties) = preSolution
		HideSolutionNode = FALSE
	EndGlobalSection
	GlobalSection(ExtensibilityGlobals) = postSolution
		SolutionGuid = {4FA90377-DA09-4199-9C0E-A6559AB8FD0E}
	EndGlobalSection
EndGlobal
