
Microsoft Visual Studio Solution File, Format Version 12.00
# Visual Studio Version 16
VisualStudioVersion = 16.0.33801.447
MinimumVisualStudioVersion = 10.0.40219.1
Project("{FAE04EC0-301F-11D3-BF4B-00C04F79EFBC}") = "0705_WebAPI", "0705_WebAPI.csproj", "{330414CC-0E14-4990-A44F-19A0539B6AEE}"
EndProject
Global
	GlobalSection(SolutionConfigurationPlatforms) = preSolution
		Debug|Any CPU = Debug|Any CPU
		Release|Any CPU = Release|Any CPU
	EndGlobalSection
	GlobalSection(ProjectConfigurationPlatforms) = postSolution
		{330414CC-0E14-4990-A44F-19A0539B6AEE}.Debug|Any CPU.ActiveCfg = Debug|Any CPU
		{330414CC-0E14-4990-A44F-19A0539B6AEE}.Debug|Any CPU.Build.0 = Debug|Any CPU
		{330414CC-0E14-4990-A44F-19A0539B6AEE}.Release|Any CPU.ActiveCfg = Release|Any CPU
		{330414CC-0E14-4990-A44F-19A0539B6AEE}.Release|Any CPU.Build.0 = Release|Any CPU
	EndGlobalSection
	GlobalSection(SolutionProperties) = preSolution
		HideSolutionNode = FALSE
	EndGlobalSection
	GlobalSection(ExtensibilityGlobals) = postSolution
		SolutionGuid = {39A0103D-8A14-47D1-B9DE-3315B5C77F9D}
	EndGlobalSection
EndGlobal
